
Microsoft Visual Studio Solution File, Format Version 12.00
# Visual Studio Version 16
VisualStudioVersion = 25.0.1703.3
MinimumVisualStudioVersion = 10.0.40219.1
Project("{FAE04EC0-301F-11D3-BF4B-00C04F79EFBC}") = "knowledgecheck2", "knowledgecheck2\knowledgecheck2.csproj", "{4A453EF9-58DF-4236-BB23-FE4786B79223}"
EndProject
Global
	GlobalSection(SolutionConfigurationPlatforms) = preSolution
		Debug|Any CPU = Debug|Any CPU
		Release|Any CPU = Release|Any CPU
	EndGlobalSection
	GlobalSection(ProjectConfigurationPlatforms) = postSolution
		{4A453EF9-58DF-4236-BB23-FE4786B79223}.Debug|Any CPU.ActiveCfg = Debug|Any CPU
		{4A453EF9-58DF-4236-BB23-FE4786B79223}.Debug|Any CPU.Build.0 = Debug|Any CPU
		{4A453EF9-58DF-4236-BB23-FE4786B79223}.Release|Any CPU.ActiveCfg = Release|Any CPU
		{4A453EF9-58DF-4236-BB23-FE4786B79223}.Release|Any CPU.Build.0 = Release|Any CPU
	EndGlobalSection
	GlobalSection(SolutionProperties) = preSolution
		HideSolutionNode = FALSE
	EndGlobalSection
	GlobalSection(ExtensibilityGlobals) = postSolution
		SolutionGuid = {ECAA479E-3793-4DDA-9888-10D0E5CCCB7C}
	EndGlobalSection
EndGlobal
